// !$*UTF8*$!
{
	archiveVersion = 1;
	classes = {
	};
	objectVersion = 48;
	objects = {

/* Begin PBXBuildFile section */
		486A793B1FAAF785009F7224 /* AppDelegate.swift in Sources */ = {isa = PBXBuildFile; fileRef = 486A793A1FAAF785009F7224 /* AppDelegate.swift */; };
		486A793D1FAAF785009F7224 /* ViewController.swift in Sources */ = {isa = PBXBuildFile; fileRef = 486A793C1FAAF785009F7224 /* ViewController.swift */; };
		486A79401FAAF785009F7224 /* Main.storyboard in Resources */ = {isa = PBXBuildFile; fileRef = 486A793E1FAAF785009F7224 /* Main.storyboard */; };
		486A79421FAAF785009F7224 /* Assets.xcassets in Resources */ = {isa = PBXBuildFile; fileRef = 486A79411FAAF785009F7224 /* Assets.xcassets */; };
		486A79451FAAF785009F7224 /* LaunchScreen.storyboard in Resources */ = {isa = PBXBuildFile; fileRef = 486A79431FAAF785009F7224 /* LaunchScreen.storyboard */; };
		486A79501FAAF785009F7224 /* TTTTests.swift in Sources */ = {isa = PBXBuildFile; fileRef = 486A794F1FAAF785009F7224 /* TTTTests.swift */; };
		486A795B1FAAF785009F7224 /* TTTUITests.swift in Sources */ = {isa = PBXBuildFile; fileRef = 486A795A1FAAF785009F7224 /* TTTUITests.swift */; };
/* End PBXBuildFile section */

/* Begin PBXContainerItemProxy section */
		486A794C1FAAF785009F7224 /* PBXContainerItemProxy */ = {
			isa = PBXContainerItemProxy;
			containerPortal = 486A792F1FAAF785009F7224 /* Project object */;
			proxyType = 1;
			remoteGlobalIDString = 486A79361FAAF785009F7224;
			remoteInfo = TTT;
		};
		486A79571FAAF785009F7224 /* PBXContainerItemProxy */ = {
			isa = PBXContainerItemProxy;
			containerPortal = 486A792F1FAAF785009F7224 /* Project object */;
			proxyType = 1;
			remoteGlobalIDString = 486A79361FAAF785009F7224;
			remoteInfo = TTT;
		};
/* End PBXContainerItemProxy section */

/* Begin PBXFileReference section */
		486A79371FAAF785009F7224 /* TTT.app */ = {isa = PBXFileReference; explicitFileType = wrapper.application; includeInIndex = 0; path = TTT.app; sourceTree = BUILT_PRODUCTS_DIR; };
		486A793A1FAAF785009F7224 /* AppDelegate.swift */ = {isa = PBXFileReference; lastKnownFileType = sourcecode.swift; path = AppDelegate.swift; sourceTree = "<group>"; };
		486A793C1FAAF785009F7224 /* ViewController.swift */ = {isa = PBXFileReference; lastKnownFileType = sourcecode.swift; path = ViewController.swift; sourceTree = "<group>"; };
		486A793F1FAAF785009F7224 /* Base */ = {isa = PBXFileReference; lastKnownFileType = file.storyboard; name = Base; path = Base.lproj/Main.storyboard; sourceTree = "<group>"; };
		486A79411FAAF785009F7224 /* Assets.xcassets */ = {isa = PBXFileReference; lastKnownFileType = folder.assetcatalog; path = Assets.xcassets; sourceTree = "<group>"; };
		486A79441FAAF785009F7224 /* Base */ = {isa = PBXFileReference; lastKnownFileType = file.storyboard; name = Base; path = Base.lproj/LaunchScreen.storyboard; sourceTree = "<group>"; };
		486A79461FAAF785009F7224 /* Info.plist */ = {isa = PBXFileReference; lastKnownFileType = text.plist.xml; path = Info.plist; sourceTree = "<group>"; };
		486A794B1FAAF785009F7224 /* TTTTests.xctest */ = {isa = PBXFileReference; explicitFileType = wrapper.cfbundle; includeInIndex = 0; path = TTTTests.xctest; sourceTree = BUILT_PRODUCTS_DIR; };
		486A794F1FAAF785009F7224 /* TTTTests.swift */ = {isa = PBXFileReference; lastKnownFileType = sourcecode.swift; path = TTTTests.swift; sourceTree = "<group>"; };
		486A79511FAAF785009F7224 /* Info.plist */ = {isa = PBXFileReference; lastKnownFileType = text.plist.xml; path = Info.plist; sourceTree = "<group>"; };
		486A79561FAAF785009F7224 /* TTTUITests.xctest */ = {isa = PBXFileReference; explicitFileType = wrapper.cfbundle; includeInIndex = 0; path = TTTUITests.xctest; sourceTree = BUILT_PRODUCTS_DIR; };
		486A795A1FAAF785009F7224 /* TTTUITests.swift */ = {isa = PBXFileReference; lastKnownFileType = sourcecode.swift; path = TTTUITests.swift; sourceTree = "<group>"; };
		486A795C1FAAF785009F7224 /* Info.plist */ = {isa = PBXFileReference; lastKnownFileType = text.plist.xml; path = Info.plist; sourceTree = "<group>"; };
/* End PBXFileReference section */

/* Begin PBXFrameworksBuildPhase section */
		486A79341FAAF785009F7224 /* Frameworks */ = {
			isa = PBXFrameworksBuildPhase;
			buildActionMask = 2147483647;
			files = (
			);
			runOnlyForDeploymentPostprocessing = 0;
		};
		486A79481FAAF785009F7224 /* Frameworks */ = {
			isa = PBXFrameworksBuildPhase;
			buildActionMask = 2147483647;
			files = (
			);
			runOnlyForDeploymentPostprocessing = 0;
		};
		486A79531FAAF785009F7224 /* Frameworks */ = {
			isa = PBXFrameworksBuildPhase;
			buildActionMask = 2147483647;
			files = (
			);
			runOnlyForDeploymentPostprocessing = 0;
		};
/* End PBXFrameworksBuildPhase section */

/* Begin PBXGroup section */
		486A792E1FAAF785009F7224 = {
			isa = PBXGroup;
			children = (
				486A79391FAAF785009F7224 /* TTT */,
				486A794E1FAAF785009F7224 /* TTTTests */,
				486A79591FAAF785009F7224 /* TTTUITests */,
				486A79381FAAF785009F7224 /* Products */,
			);
			sourceTree = "<group>";
		};
		486A79381FAAF785009F7224 /* Products */ = {
			isa = PBXGroup;
			children = (
				486A79371FAAF785009F7224 /* TTT.app */,
				486A794B1FAAF785009F7224 /* TTTTests.xctest */,
				486A79561FAAF785009F7224 /* TTTUITests.xctest */,
			);
			name = Products;
			sourceTree = "<group>";
		};
		486A79391FAAF785009F7224 /* TTT */ = {
			isa = PBXGroup;
			children = (
				486A793A1FAAF785009F7224 /* AppDelegate.swift */,
				486A793C1FAAF785009F7224 /* ViewController.swift */,
				486A793E1FAAF785009F7224 /* Main.storyboard */,
				486A79411FAAF785009F7224 /* Assets.xcassets */,
				486A79431FAAF785009F7224 /* LaunchScreen.storyboard */,
				486A79461FAAF785009F7224 /* Info.plist */,
			);
			path = TTT;
			sourceTree = "<group>";
		};
		486A794E1FAAF785009F7224 /* TTTTests */ = {
			isa = PBXGroup;
			children = (
				486A794F1FAAF785009F7224 /* TTTTests.swift */,
				486A79511FAAF785009F7224 /* Info.plist */,
			);
			path = TTTTests;
			sourceTree = "<group>";
		};
		486A79591FAAF785009F7224 /* TTTUITests */ = {
			isa = PBXGroup;
			children = (
				486A795A1FAAF785009F7224 /* TTTUITests.swift */,
				486A795C1FAAF785009F7224 /* Info.plist */,
			);
			path = TTTUITests;
			sourceTree = "<group>";
		};
/* End PBXGroup section */

/* Begin PBXNativeTarget section */
		486A79361FAAF785009F7224 /* TTT */ = {
			isa = PBXNativeTarget;
			buildConfigurationList = 486A795F1FAAF785009F7224 /* Build configuration list for PBXNativeTarget "TTT" */;
			buildPhases = (
				486A79331FAAF785009F7224 /* Sources */,
				486A79341FAAF785009F7224 /* Frameworks */,
				486A79351FAAF785009F7224 /* Resources */,
			);
			buildRules = (
			);
			dependencies = (
			);
			name = TTT;
			productName = TTT;
			productReference = 486A79371FAAF785009F7224 /* TTT.app */;
			productType = "com.apple.product-type.application";
		};
		486A794A1FAAF785009F7224 /* TTTTests */ = {
			isa = PBXNativeTarget;
			buildConfigurationList = 486A79621FAAF785009F7224 /* Build configuration list for PBXNativeTarget "TTTTests" */;
			buildPhases = (
				486A79471FAAF785009F7224 /* Sources */,
				486A79481FAAF785009F7224 /* Frameworks */,
				486A79491FAAF785009F7224 /* Resources */,
			);
			buildRules = (
			);
			dependencies = (
				486A794D1FAAF785009F7224 /* PBXTargetDependency */,
			);
			name = TTTTests;
			productName = TTTTests;
			productReference = 486A794B1FAAF785009F7224 /* TTTTests.xctest */;
			productType = "com.apple.product-type.bundle.unit-test";
		};
		486A79551FAAF785009F7224 /* TTTUITests */ = {
			isa = PBXNativeTarget;
			buildConfigurationList = 486A79651FAAF785009F7224 /* Build configuration list for PBXNativeTarget "TTTUITests" */;
			buildPhases = (
				486A79521FAAF785009F7224 /* Sources */,
				486A79531FAAF785009F7224 /* Frameworks */,
				486A79541FAAF785009F7224 /* Resources */,
			);
			buildRules = (
			);
			dependencies = (
				486A79581FAAF785009F7224 /* PBXTargetDependency */,
			);
			name = TTTUITests;
			productName = TTTUITests;
			productReference = 486A79561FAAF785009F7224 /* TTTUITests.xctest */;
			productType = "com.apple.product-type.bundle.ui-testing";
		};
/* End PBXNativeTarget section */

/* Begin PBXProject section */
		486A792F1FAAF785009F7224 /* Project object */ = {
			isa = PBXProject;
			attributes = {
				LastSwiftUpdateCheck = 0910;
				LastUpgradeCheck = 0910;
				ORGANIZATIONNAME = "Jared K";
				TargetAttributes = {
					486A79361FAAF785009F7224 = {
						CreatedOnToolsVersion = 9.1;
						ProvisioningStyle = Automatic;
					};
					486A794A1FAAF785009F7224 = {
						CreatedOnToolsVersion = 9.1;
						ProvisioningStyle = Automatic;
						TestTargetID = 486A79361FAAF785009F7224;
					};
					486A79551FAAF785009F7224 = {
						CreatedOnToolsVersion = 9.1;
						ProvisioningStyle = Automatic;
						TestTargetID = 486A79361FAAF785009F7224;
					};
				};
			};
			buildConfigurationList = 486A79321FAAF785009F7224 /* Build configuration list for PBXProject "TTT" */;
			compatibilityVersion = "Xcode 8.0";
			developmentRegion = en;
			hasScannedForEncodings = 0;
			knownRegions = (
				en,
				Base,
			);
			mainGroup = 486A792E1FAAF785009F7224;
			productRefGroup = 486A79381FAAF785009F7224 /* Products */;
			projectDirPath = "";
			projectRoot = "";
			targets = (
				486A79361FAAF785009F7224 /* TTT */,
				486A794A1FAAF785009F7224 /* TTTTests */,
				486A79551FAAF785009F7224 /* TTTUITests */,
			);
		};
/* End PBXProject section */

/* Begin PBXResourcesBuildPhase section */
		486A79351FAAF785009F7224 /* Resources */ = {
			isa = PBXResourcesBuildPhase;
			buildActionMask = 2147483647;
			files = (
				486A79451FAAF785009F7224 /* LaunchScreen.storyboard in Resources */,
				486A79421FAAF785009F7224 /* Assets.xcassets in Resources */,
				486A79401FAAF785009F7224 /* Main.storyboard in Resources */,
			);
			runOnlyForDeploymentPostprocessing = 0;
		};
		486A79491FAAF785009F7224 /* Resources */ = {
			isa = PBXResourcesBuildPhase;
			buildActionMask = 2147483647;
			files = (
			);
			runOnlyForDeploymentPostprocessing = 0;
		};
		486A79541FAAF785009F7224 /* Resources */ = {
			isa = PBXResourcesBuildPhase;
			buildActionMask = 2147483647;
			files = (
			);
			runOnlyForDeploymentPostprocessing = 0;
		};
/* End PBXResourcesBuildPhase section */

/* Begin PBXSourcesBuildPhase section */
		486A79331FAAF785009F7224 /* Sources */ = {
			isa = PBXSourcesBuildPhase;
			buildActionMask = 2147483647;
			files = (
				486A793D1FAAF785009F7224 /* ViewController.swift in Sources */,
				486A793B1FAAF785009F7224 /* AppDelegate.swift in Sources */,
			);
			runOnlyForDeploymentPostprocessing = 0;
		};
		486A79471FAAF785009F7224 /* Sources */ = {
			isa = PBXSourcesBuildPhase;
			buildActionMask = 2147483647;
			files = (
				486A79501FAAF785009F7224 /* TTTTests.swift in Sources */,
			);
			runOnlyForDeploymentPostprocessing = 0;
		};
		486A79521FAAF785009F7224 /* Sources */ = {
			isa = PBXSourcesBuildPhase;
			buildActionMask = 2147483647;
			files = (
				486A795B1FAAF785009F7224 /* TTTUITests.swift in Sources */,
			);
			runOnlyForDeploymentPostprocessing = 0;
		};
/* End PBXSourcesBuildPhase section */

/* Begin PBXTargetDependency section */
		486A794D1FAAF785009F7224 /* PBXTargetDependency */ = {
			isa = PBXTargetDependency;
			target = 486A79361FAAF785009F7224 /* TTT */;
			targetProxy = 486A794C1FAAF785009F7224 /* PBXContainerItemProxy */;
		};
		486A79581FAAF785009F7224 /* PBXTargetDependency */ = {
			isa = PBXTargetDependency;
			target = 486A79361FAAF785009F7224 /* TTT */;
			targetProxy = 486A79571FAAF785009F7224 /* PBXContainerItemProxy */;
		};
/* End PBXTargetDependency section */

/* Begin PBXVariantGroup section */
		486A793E1FAAF785009F7224 /* Main.storyboard */ = {
			isa = PBXVariantGroup;
			children = (
				486A793F1FAAF785009F7224 /* Base */,
			);
			name = Main.storyboard;
			sourceTree = "<group>";
		};
		486A79431FAAF785009F7224 /* LaunchScreen.storyboard */ = {
			isa = PBXVariantGroup;
			children = (
				486A79441FAAF785009F7224 /* Base */,
			);
			name = LaunchScreen.storyboard;
			sourceTree = "<group>";
		};
/* End PBXVariantGroup section */

/* Begin XCBuildConfiguration section */
		486A795D1FAAF785009F7224 /* Debug */ = {
			isa = XCBuildConfiguration;
			buildSettings = {
				ALWAYS_SEARCH_USER_PATHS = NO;
				CLANG_ANALYZER_NONNULL = YES;
				CLANG_ANALYZER_NUMBER_OBJECT_CONVERSION = YES_AGGRESSIVE;
				CLANG_CXX_LANGUAGE_STANDARD = "gnu++14";
				CLANG_CXX_LIBRARY = "libc++";
				CLANG_ENABLE_MODULES = YES;
				CLANG_ENABLE_OBJC_ARC = YES;
				CLANG_WARN_BLOCK_CAPTURE_AUTORELEASING = YES;
				CLANG_WARN_BOOL_CONVERSION = YES;
				CLANG_WARN_COMMA = YES;
				CLANG_WARN_CONSTANT_CONVERSION = YES;
				CLANG_WARN_DIRECT_OBJC_ISA_USAGE = YES_ERROR;
				CLANG_WARN_DOCUMENTATION_COMMENTS = YES;
				CLANG_WARN_EMPTY_BODY = YES;
				CLANG_WARN_ENUM_CONVERSION = YES;
				CLANG_WARN_INFINITE_RECURSION = YES;
				CLANG_WARN_INT_CONVERSION = YES;
				CLANG_WARN_NON_LITERAL_NULL_CONVERSION = YES;
				CLANG_WARN_OBJC_LITERAL_CONVERSION = YES;
				CLANG_WARN_OBJC_ROOT_CLASS = YES_ERROR;
				CLANG_WARN_RANGE_LOOP_ANALYSIS = YES;
				CLANG_WARN_STRICT_PROTOTYPES = YES;
				CLANG_WARN_SUSPICIOUS_MOVE = YES;
				CLANG_WARN_UNGUARDED_AVAILABILITY = YES_AGGRESSIVE;
				CLANG_WARN_UNREACHABLE_CODE = YES;
				CLANG_WARN__DUPLICATE_METHOD_MATCH = YES;
				CODE_SIGN_IDENTITY = "iPhone Developer";
				COPY_PHASE_STRIP = NO;
				DEBUG_INFORMATION_FORMAT = dwarf;
				ENABLE_STRICT_OBJC_MSGSEND = YES;
				ENABLE_TESTABILITY = YES;
				GCC_C_LANGUAGE_STANDARD = gnu11;
				GCC_DYNAMIC_NO_PIC = NO;
				GCC_NO_COMMON_BLOCKS = YES;
				GCC_OPTIMIZATION_LEVEL = 0;
				GCC_PREPROCESSOR_DEFINITIONS = (
					"DEBUG=1",
					"$(inherited)",
				);
				GCC_WARN_64_TO_32_BIT_CONVERSION = YES;
				GCC_WARN_ABOUT_RETURN_TYPE = YES_ERROR;
				GCC_WARN_UNDECLARED_SELECTOR = YES;
				GCC_WARN_UNINITIALIZED_AUTOS = YES_AGGRESSIVE;
				GCC_WARN_UNUSED_FUNCTION = YES;
				GCC_WARN_UNUSED_VARIABLE = YES;
				IPHONEOS_DEPLOYMENT_TARGET = 11.1;
				MTL_ENABLE_DEBUG_INFO = YES;
				ONLY_ACTIVE_ARCH = YES;
				SDKROOT = iphoneos;
				SWIFT_ACTIVE_COMPILATION_CONDITIONS = DEBUG;
				SWIFT_OPTIMIZATION_LEVEL = "-Onone";
			};
			name = Debug;
		};
		486A795E1FAAF785009F7224 /* Release */ = {
			isa = XCBuildConfiguration;
			buildSettings = {
				ALWAYS_SEARCH_USER_PATHS = NO;
				CLANG_ANALYZER_NONNULL = YES;
				CLANG_ANALYZER_NUMBER_OBJECT_CONVERSION = YES_AGGRESSIVE;
				CLANG_CXX_LANGUAGE_STANDARD = "gnu++14";
				CLANG_CXX_LIBRARY = "libc++";
				CLANG_ENABLE_MODULES = YES;
				CLANG_ENABLE_OBJC_ARC = YES;
				CLANG_WARN_BLOCK_CAPTURE_AUTORELEASING = YES;
				CLANG_WARN_BOOL_CONVERSION = YES;
				CLANG_WARN_COMMA = YES;
				CLANG_WARN_CONSTANT_CONVERSION = YES;
				CLANG_WARN_DIRECT_OBJC_ISA_USAGE = YES_ERROR;
				CLANG_WARN_DOCUMENTATION_COMMENTS = YES;
				CLANG_WARN_EMPTY_BODY = YES;
				CLANG_WARN_ENUM_CONVERSION = YES;
				CLANG_WARN_INFINITE_RECURSION = YES;
				CLANG_WARN_INT_CONVERSION = YES;
				CLANG_WARN_NON_LITERAL_NULL_CONVERSION = YES;
				CLANG_WARN_OBJC_LITERAL_CONVERSION = YES;
				CLANG_WARN_OBJC_ROOT_CLASS = YES_ERROR;
				CLANG_WARN_RANGE_LOOP_ANALYSIS = YES;
				CLANG_WARN_STRICT_PROTOTYPES = YES;
				CLANG_WARN_SUSPICIOUS_MOVE = YES;
				CLANG_WARN_UNGUARDED_AVAILABILITY = YES_AGGRESSIVE;
				CLANG_WARN_UNREACHABLE_CODE = YES;
				CLANG_WARN__DUPLICATE_METHOD_MATCH = YES;
				CODE_SIGN_IDENTITY = "iPhone Developer";
				COPY_PHASE_STRIP = NO;
				DEBUG_INFORMATION_FORMAT = "dwarf-with-dsym";
				ENABLE_NS_ASSERTIONS = NO;
				ENABLE_STRICT_OBJC_MSGSEND = YES;
				GCC_C_LANGUAGE_STANDARD = gnu11;
				GCC_NO_COMMON_BLOCKS = YES;
				GCC_WARN_64_TO_32_BIT_CONVERSION = YES;
				GCC_WARN_ABOUT_RETURN_TYPE = YES_ERROR;
				GCC_WARN_UNDECLARED_SELECTOR = YES;
				GCC_WARN_UNINITIALIZED_AUTOS = YES_AGGRESSIVE;
				GCC_WARN_UNUSED_FUNCTION = YES;
				GCC_WARN_UNUSED_VARIABLE = YES;
				IPHONEOS_DEPLOYMENT_TARGET = 11.1;
				MTL_ENABLE_DEBUG_INFO = NO;
				SDKROOT = iphoneos;
				SWIFT_OPTIMIZATION_LEVEL = "-Owholemodule";
				VALIDATE_PRODUCT = YES;
			};
			name = Release;
		};
		486A79601FAAF785009F7224 /* Debug */ = {
			isa = XCBuildConfiguration;
			buildSettings = {
				ASSETCATALOG_COMPILER_APPICON_NAME = AppIcon;
				CODE_SIGN_STYLE = Automatic;
				DEVELOPMENT_TEAM = UQA5S4Z2Z9;
				INFOPLIST_FILE = TTT/Info.plist;
				IPHONEOS_DEPLOYMENT_TARGET = 11.1;
				LD_RUNPATH_SEARCH_PATHS = "$(inherited) @executable_path/Frameworks";
				PRODUCT_BUNDLE_IDENTIFIER = CodingDojo.TTT;
				PRODUCT_NAME = "$(TARGET_NAME)";
				PROVISIONING_PROFILE_SPECIFIER = "";
				SWIFT_VERSION = 4.0;
				TARGETED_DEVICE_FAMILY = "1,2";
			};
			name = Debug;
		};
		486A79611FAAF785009F7224 /* Release */ = {
			isa = XCBuildConfiguration;
			buildSettings = {
				ASSETCATALOG_COMPILER_APPICON_NAME = AppIcon;
				CODE_SIGN_STYLE = Automatic;
				DEVELOPMENT_TEAM = UQA5S4Z2Z9;
				INFOPLIST_FILE = TTT/Info.plist;
				IPHONEOS_DEPLOYMENT_TARGET = 11.1;
				LD_RUNPATH_SEARCH_PATHS = "$(inherited) @executable_path/Frameworks";
				PRODUCT_BUNDLE_IDENTIFIER = CodingDojo.TTT;
				PRODUCT_NAME = "$(TARGET_NAME)";
				PROVISIONING_PROFILE_SPECIFIER = "";
				SWIFT_VERSION = 4.0;
				TARGETED_DEVICE_FAMILY = "1,2";
			};
			name = Release;
		};
		486A79631FAAF785009F7224 /* Debug */ = {
			isa = XCBuildConfiguration;
			buildSettings = {
				ALWAYS_EMBED_SWIFT_STANDARD_LIBRARIES = YES;
				BUNDLE_LOADER = "$(TEST_HOST)";
				CODE_SIGN_STYLE = Automatic;
				INFOPLIST_FILE = TTTTests/Info.plist;
				LD_RUNPATH_SEARCH_PATHS = "$(inherited) @executable_path/Frameworks @loader_path/Frameworks";
				PRODUCT_BUNDLE_IDENTIFIER = CodingDojo.TTTTests;
				PRODUCT_NAME = "$(TARGET_NAME)";
				SWIFT_VERSION = 4.0;
				TARGETED_DEVICE_FAMILY = "1,2";
				TEST_HOST = "$(BUILT_PRODUCTS_DIR)/TTT.app/TTT";
			};
			name = Debug;
		};
		486A79641FAAF785009F7224 /* Release */ = {
			isa = XCBuildConfiguration;
			buildSettings = {
				ALWAYS_EMBED_SWIFT_STANDARD_LIBRARIES = YES;
				BUNDLE_LOADER = "$(TEST_HOST)";
				CODE_SIGN_STYLE = Automatic;
				INFOPLIST_FILE = TTTTests/Info.plist;
				LD_RUNPATH_SEARCH_PATHS = "$(inherited) @executable_path/Frameworks @loader_path/Frameworks";
				PRODUCT_BUNDLE_IDENTIFIER = CodingDojo.TTTTests;
				PRODUCT_NAME = "$(TARGET_NAME)";
				SWIFT_VERSION = 4.0;
				TARGETED_DEVICE_FAMILY = "1,2";
				TEST_HOST = "$(BUILT_PRODUCTS_DIR)/TTT.app/TTT";
			};
			name = Release;
		};
		486A79661FAAF785009F7224 /* Debug */ = {
			isa = XCBuildConfiguration;
			buildSettings = {
				ALWAYS_EMBED_SWIFT_STANDARD_LIBRARIES = YES;
				CODE_SIGN_STYLE = Automatic;
				INFOPLIST_FILE = TTTUITests/Info.plist;
				LD_RUNPATH_SEARCH_PATHS = "$(inherited) @executable_path/Frameworks @loader_path/Frameworks";
				PRODUCT_BUNDLE_IDENTIFIER = CodingDojo.TTTUITests;
				PRODUCT_NAME = "$(TARGET_NAME)";
				SWIFT_VERSION = 4.0;
				TARGETED_DEVICE_FAMILY = "1,2";
				TEST_TARGET_NAME = TTT;
			};
			name = Debug;
		};
		486A79671FAAF785009F7224 /* Release */ = {
			isa = XCBuildConfiguration;
			buildSettings = {
				ALWAYS_EMBED_SWIFT_STANDARD_LIBRARIES = YES;
				CODE_SIGN_STYLE = Automatic;
				INFOPLIST_FILE = TTTUITests/Info.plist;
				LD_RUNPATH_SEARCH_PATHS = "$(inherited) @executable_path/Frameworks @loader_path/Frameworks";
				PRODUCT_BUNDLE_IDENTIFIER = CodingDojo.TTTUITests;
				PRODUCT_NAME = "$(TARGET_NAME)";
				SWIFT_VERSION = 4.0;
				TARGETED_DEVICE_FAMILY = "1,2";
				TEST_TARGET_NAME = TTT;
			};
			name = Release;
		};
/* End XCBuildConfiguration section */

/* Begin XCConfigurationList section */
		486A79321FAAF785009F7224 /* Build configuration list for PBXProject "TTT" */ = {
			isa = XCConfigurationList;
			buildConfigurations = (
				486A795D1FAAF785009F7224 /* Debug */,
				486A795E1FAAF785009F7224 /* Release */,
			);
			defaultConfigurationIsVisible = 0;
			defaultConfigurationName = Release;
		};
		486A795F1FAAF785009F7224 /* Build configuration list for PBXNativeTarget "TTT" */ = {
			isa = XCConfigurationList;
			buildConfigurations = (
				486A79601FAAF785009F7224 /* Debug */,
				486A79611FAAF785009F7224 /* Release */,
			);
			defaultConfigurationIsVisible = 0;
			defaultConfigurationName = Release;
		};
		486A79621FAAF785009F7224 /* Build configuration list for PBXNativeTarget "TTTTests" */ = {
			isa = XCConfigurationList;
			buildConfigurations = (
				486A79631FAAF785009F7224 /* Debug */,
				486A79641FAAF785009F7224 /* Release */,
			);
			defaultConfigurationIsVisible = 0;
			defaultConfigurationName = Release;
		};
		486A79651FAAF785009F7224 /* Build configuration list for PBXNativeTarget "TTTUITests" */ = {
			isa = XCConfigurationList;
			buildConfigurations = (
				486A79661FAAF785009F7224 /* Debug */,
				486A79671FAAF785009F7224 /* Release */,
			);
			defaultConfigurationIsVisible = 0;
			defaultConfigurationName = Release;
		};
/* End XCConfigurationList section */
	};
	rootObject = 486A792F1FAAF785009F7224 /* Project object */;
}
